
Microsoft Visual Studio Solution File, Format Version 12.00
# Visual Studio Version 17
VisualStudioVersion = 17.13.35818.85 d17.13
MinimumVisualStudioVersion = 10.0.40219.1
Project("{FAE04EC0-301F-11D3-BF4B-00C04F79EFBC}") = "Task12_EraaSoft", "Task12_EraaSoft.csproj", "{6D3E27DF-2C9A-3147-5395-A29C994F2F2B}"
EndProject
Global
	GlobalSection(SolutionConfigurationPlatforms) = preSolution
		Debug|Any CPU = Debug|Any CPU
		Release|Any CPU = Release|Any CPU
	EndGlobalSection
	GlobalSection(ProjectConfigurationPlatforms) = postSolution
		{6D3E27DF-2C9A-3147-5395-A29C994F2F2B}.Debug|Any CPU.ActiveCfg = Debug|Any CPU
		{6D3E27DF-2C9A-3147-5395-A29C994F2F2B}.Debug|Any CPU.Build.0 = Debug|Any CPU
		{6D3E27DF-2C9A-3147-5395-A29C994F2F2B}.Release|Any CPU.ActiveCfg = Release|Any CPU
		{6D3E27DF-2C9A-3147-5395-A29C994F2F2B}.Release|Any CPU.Build.0 = Release|Any CPU
	EndGlobalSection
	GlobalSection(SolutionProperties) = preSolution
		HideSolutionNode = FALSE
	EndGlobalSection
	GlobalSection(ExtensibilityGlobals) = postSolution
		SolutionGuid = {79C05E94-178A-428A-A69B-16D1C4363F39}
	EndGlobalSection
EndGlobal
